
Microsoft Visual Studio Solution File, Format Version 12.00
# Visual Studio 15
VisualStudioVersion = 15.0.28307.1433
MinimumVisualStudioVersion = 10.0.40219.1
Project("{FAE04EC0-301F-11D3-BF4B-00C04F79EFBC}") = "mop.Configurator", "core.Configurator\mop.Configurator.csproj", "{EB83B7B4-E551-4F9D-9212-9545ADFDB7AD}"
EndProject
Project("{FAE04EC0-301F-11D3-BF4B-00C04F79EFBC}") = "ConfiguratorApp", "ConfiguratorApp\ConfiguratorApp.csproj", "{DBF92C70-366F-40FD-935F-9A5DC44B0D04}"
EndProject
Project("{FAE04EC0-301F-11D3-BF4B-00C04F79EFBC}") = "ConsoleApp1", "ConsoleApp1\ConsoleApp1.csproj", "{09B0B43E-1C64-4F16-B047-38A649D8314D}"
EndProject
Project("{FAE04EC0-301F-11D3-BF4B-00C04F79EFBC}") = "wpf.Icons", "wpf.Icons\wpf.Icons.csproj", "{BC03989E-4C3F-41EE-ACA6-C0B3F20B45EA}"
EndProject
Global
	GlobalSection(SolutionConfigurationPlatforms) = preSolution
		Debug|Any CPU = Debug|Any CPU
		Release|Any CPU = Release|Any CPU
	EndGlobalSection
	GlobalSection(ProjectConfigurationPlatforms) = postSolution
		{EB83B7B4-E551-4F9D-9212-9545ADFDB7AD}.Debug|Any CPU.ActiveCfg = Debug|Any CPU
		{EB83B7B4-E551-4F9D-9212-9545ADFDB7AD}.Debug|Any CPU.Build.0 = Debug|Any CPU
		{EB83B7B4-E551-4F9D-9212-9545ADFDB7AD}.Release|Any CPU.ActiveCfg = Release|Any CPU
		{EB83B7B4-E551-4F9D-9212-9545ADFDB7AD}.Release|Any CPU.Build.0 = Release|Any CPU
		{DBF92C70-366F-40FD-935F-9A5DC44B0D04}.Debug|Any CPU.ActiveCfg = Debug|Any CPU
		{DBF92C70-366F-40FD-935F-9A5DC44B0D04}.Debug|Any CPU.Build.0 = Debug|Any CPU
		{DBF92C70-366F-40FD-935F-9A5DC44B0D04}.Release|Any CPU.ActiveCfg = Release|Any CPU
		{DBF92C70-366F-40FD-935F-9A5DC44B0D04}.Release|Any CPU.Build.0 = Release|Any CPU
		{09B0B43E-1C64-4F16-B047-38A649D8314D}.Debug|Any CPU.ActiveCfg = Debug|Any CPU
		{09B0B43E-1C64-4F16-B047-38A649D8314D}.Debug|Any CPU.Build.0 = Debug|Any CPU
		{09B0B43E-1C64-4F16-B047-38A649D8314D}.Release|Any CPU.ActiveCfg = Release|Any CPU
		{09B0B43E-1C64-4F16-B047-38A649D8314D}.Release|Any CPU.Build.0 = Release|Any CPU
		{BC03989E-4C3F-41EE-ACA6-C0B3F20B45EA}.Debug|Any CPU.ActiveCfg = Debug|Any CPU
		{BC03989E-4C3F-41EE-ACA6-C0B3F20B45EA}.Debug|Any CPU.Build.0 = Debug|Any CPU
		{BC03989E-4C3F-41EE-ACA6-C0B3F20B45EA}.Release|Any CPU.ActiveCfg = Release|Any CPU
		{BC03989E-4C3F-41EE-ACA6-C0B3F20B45EA}.Release|Any CPU.Build.0 = Release|Any CPU
	EndGlobalSection
	GlobalSection(SolutionProperties) = preSolution
		HideSolutionNode = FALSE
	EndGlobalSection
	GlobalSection(ExtensibilityGlobals) = postSolution
		SolutionGuid = {680BE517-942F-428F-87A4-F5A58D928CE7}
	EndGlobalSection
EndGlobal
